
Microsoft Visual Studio Solution File, Format Version 12.00
# Visual Studio Version 16
VisualStudioVersion = 16.0.31402.337
MinimumVisualStudioVersion = 10.0.40219.1
Project("{2150E333-8FDC-42A3-9474-1A3956D46DE8}") = "Database", "Database", "{0C8B2C57-1C5C-4C85-860B-45562D432C6E}"
EndProject
Project("{2150E333-8FDC-42A3-9474-1A3956D46DE8}") = "Presentation", "Presentation", "{228D0334-BF65-4D90-A5EB-C645540B8CF0}"
EndProject
Project("{9A19103F-16F7-4668-BE54-9A1E7A4F7556}") = "CustomerMVCSite", "CustomerMVCSite\CustomerMVCSite.csproj", "{35CA3F63-3CA1-4E33-80AE-56E015A230B0}"
EndProject
Project("{2150E333-8FDC-42A3-9474-1A3956D46DE8}") = "Infrastructure", "Infrastructure", "{C8FD8DB3-9580-46B4-A4EE-DE103CDF5F45}"
EndProject
Project("{2150E333-8FDC-42A3-9474-1A3956D46DE8}") = "Test", "Test", "{E9C120E6-9C42-46B2-BFCF-417E4E1850A3}"
EndProject
Project("{FAE04EC0-301F-11D3-BF4B-00C04F79EFBC}") = "Domain", "Domain\Domain.csproj", "{506A93BD-1A0A-4A75-888E-8E696FF275D8}"
EndProject
Global
	GlobalSection(SolutionConfigurationPlatforms) = preSolution
		Debug|Any CPU = Debug|Any CPU
		Release|Any CPU = Release|Any CPU
	EndGlobalSection
	GlobalSection(ProjectConfigurationPlatforms) = postSolution
		{35CA3F63-3CA1-4E33-80AE-56E015A230B0}.Debug|Any CPU.ActiveCfg = Debug|Any CPU
		{35CA3F63-3CA1-4E33-80AE-56E015A230B0}.Debug|Any CPU.Build.0 = Debug|Any CPU
		{35CA3F63-3CA1-4E33-80AE-56E015A230B0}.Release|Any CPU.ActiveCfg = Release|Any CPU
		{35CA3F63-3CA1-4E33-80AE-56E015A230B0}.Release|Any CPU.Build.0 = Release|Any CPU
		{506A93BD-1A0A-4A75-888E-8E696FF275D8}.Debug|Any CPU.ActiveCfg = Debug|Any CPU
		{506A93BD-1A0A-4A75-888E-8E696FF275D8}.Debug|Any CPU.Build.0 = Debug|Any CPU
		{506A93BD-1A0A-4A75-888E-8E696FF275D8}.Release|Any CPU.ActiveCfg = Release|Any CPU
		{506A93BD-1A0A-4A75-888E-8E696FF275D8}.Release|Any CPU.Build.0 = Release|Any CPU
	EndGlobalSection
	GlobalSection(SolutionProperties) = preSolution
		HideSolutionNode = FALSE
	EndGlobalSection
	GlobalSection(NestedProjects) = preSolution
		{35CA3F63-3CA1-4E33-80AE-56E015A230B0} = {228D0334-BF65-4D90-A5EB-C645540B8CF0}
		{506A93BD-1A0A-4A75-888E-8E696FF275D8} = {0C8B2C57-1C5C-4C85-860B-45562D432C6E}
	EndGlobalSection
	GlobalSection(ExtensibilityGlobals) = postSolution
		SolutionGuid = {EA44E4E2-A20B-4537-A7A9-AEFB43998A37}
	EndGlobalSection
EndGlobal
